
Microsoft Visual Studio Solution File, Format Version 12.00
# Visual Studio Version 16
VisualStudioVersion = 16.0.32630.194
MinimumVisualStudioVersion = 10.0.40219.1
Project("{FAE04EC0-301F-11D3-BF4B-00C04F79EFBC}") = "Interview", "Interview\Interview.csproj", "{EA12CA70-CFB9-4726-9EE0-1959249A9DB6}"
EndProject
Global
	GlobalSection(SolutionConfigurationPlatforms) = preSolution
		Debug|Any CPU = Debug|Any CPU
		Release|Any CPU = Release|Any CPU
	EndGlobalSection
	GlobalSection(ProjectConfigurationPlatforms) = postSolution
		{EA12CA70-CFB9-4726-9EE0-1959249A9DB6}.Debug|Any CPU.ActiveCfg = Debug|Any CPU
		{EA12CA70-CFB9-4726-9EE0-1959249A9DB6}.Debug|Any CPU.Build.0 = Debug|Any CPU
		{EA12CA70-CFB9-4726-9EE0-1959249A9DB6}.Release|Any CPU.ActiveCfg = Release|Any CPU
		{EA12CA70-CFB9-4726-9EE0-1959249A9DB6}.Release|Any CPU.Build.0 = Release|Any CPU
	EndGlobalSection
	GlobalSection(SolutionProperties) = preSolution
		HideSolutionNode = FALSE
	EndGlobalSection
	GlobalSection(ExtensibilityGlobals) = postSolution
		SolutionGuid = {E3DB21FF-E4E7-4321-83BE-41D98390A697}
	EndGlobalSection
EndGlobal
